version = 1
revision = 1
requires-python = ">=3.9, <3.14"

[[package]]
name = "altgraph"
version = "0.17.4"
source = { registry = "https://pypi.org/simple" }
sdist = { url = "https://files.pythonhosted.org/packages/de/a8/7145824cf0b9e3c28046520480f207df47e927df83aa9555fb47f8505922/altgraph-0.17.4.tar.gz", hash = "sha256:1b5afbb98f6c4dcadb2e2ae6ab9fa994bbb8c1d75f4fa96d340f9437ae454406", size = 48418 }
wheels = [
    { url = "https://files.pythonhosted.org/packages/4d/3f/3bc3f1d83f6e4a7fcb834d3720544ca597590425be5ba9db032b2bf322a2/altgraph-0.17.4-py2.py3-none-any.whl", hash = "sha256:642743b4750de17e655e6711601b077bc6598dbfa3ba5fa2b2a35ce12b508dff", size = 21212 },
]

[[package]]
name = "importlib-metadata"
version = "8.6.1"
source = { registry = "https://pypi.org/simple" }
dependencies = [
    { name = "zipp" },
]
sdist = { url = "https://files.pythonhosted.org/packages/33/08/c1395a292bb23fd03bdf572a1357c5a733d3eecbab877641ceacab23db6e/importlib_metadata-8.6.1.tar.gz", hash = "sha256:310b41d755445d74569f993ccfc22838295d9fe005425094fad953d7f15c8580", size = 55767 }
wheels = [
    { url = "https://files.pythonhosted.org/packages/79/9d/0fb148dc4d6fa4a7dd1d8378168d9b4cd8d4560a6fbf6f0121c5fc34eb68/importlib_metadata-8.6.1-py3-none-any.whl", hash = "sha256:02a89390c1e15fdfdc0d7c6b25cb3e62650d0494005c97d6f148bf5b9787525e", size = 26971 },
]

[[package]]
name = "macholib"
version = "1.16.3"
source = { registry = "https://pypi.org/simple" }
dependencies = [
    { name = "altgraph" },
]
sdist = { url = "https://files.pythonhosted.org/packages/95/ee/af1a3842bdd5902ce133bd246eb7ffd4375c38642aeb5dc0ae3a0329dfa2/macholib-1.16.3.tar.gz", hash = "sha256:07ae9e15e8e4cd9a788013d81f5908b3609aa76f9b1421bae9c4d7606ec86a30", size = 59309 }
wheels = [
    { url = "https://files.pythonhosted.org/packages/d1/5d/c059c180c84f7962db0aeae7c3b9303ed1d73d76f2bfbc32bc231c8be314/macholib-1.16.3-py2.py3-none-any.whl", hash = "sha256:0e315d7583d38b8c77e815b1ecbdbf504a8258d8b3e17b61165c6feb60d18f2c", size = 38094 },
]

[[package]]
name = "packaging"
version = "24.2"
source = { registry = "https://pypi.org/simple" }
sdist = { url = "https://files.pythonhosted.org/packages/d0/63/68dbb6eb2de9cb10ee4c9c14a0148804425e13c4fb20d61cce69f53106da/packaging-24.2.tar.gz", hash = "sha256:c228a6dc5e932d346bc5739379109d49e8853dd8223571c7c5b55260edc0b97f", size = 163950 }
wheels = [
    { url = "https://files.pythonhosted.org/packages/88/ef/eb23f262cca3c0c4eb7ab1933c3b1f03d021f2c48f54763065b6f0e321be/packaging-24.2-py3-none-any.whl", hash = "sha256:09abb1bccd265c01f4a3aa3f7a7db064b36514d2cba19a2f694fe6150451a759", size = 65451 },
]

[[package]]
name = "pefile"
version = "2024.8.26"
source = { registry = "https://pypi.org/simple" }
sdist = { url = "https://files.pythonhosted.org/packages/03/4f/2750f7f6f025a1507cd3b7218691671eecfd0bbebebe8b39aa0fe1d360b8/pefile-2024.8.26.tar.gz", hash = "sha256:3ff6c5d8b43e8c37bb6e6dd5085658d658a7a0bdcd20b6a07b1fcfc1c4e9d632", size = 76008 }
wheels = [
    { url = "https://files.pythonhosted.org/packages/54/16/12b82f791c7f50ddec566873d5bdd245baa1491bac11d15ffb98aecc8f8b/pefile-2024.8.26-py3-none-any.whl", hash = "sha256:76f8b485dcd3b1bb8166f1128d395fa3d87af26360c2358fb75b80019b957c6f", size = 74766 },
]

[[package]]
name = "psutil"
version = "7.0.0"
source = { registry = "https://pypi.org/simple" }
sdist = { url = "https://files.pythonhosted.org/packages/2a/80/336820c1ad9286a4ded7e845b2eccfcb27851ab8ac6abece774a6ff4d3de/psutil-7.0.0.tar.gz", hash = "sha256:7be9c3eba38beccb6495ea33afd982a44074b78f28c434a1f51cc07fd315c456", size = 497003 }
wheels = [
    { url = "https://files.pythonhosted.org/packages/ed/e6/2d26234410f8b8abdbf891c9da62bee396583f713fb9f3325a4760875d22/psutil-7.0.0-cp36-abi3-macosx_10_9_x86_64.whl", hash = "sha256:101d71dc322e3cffd7cea0650b09b3d08b8e7c4109dd6809fe452dfd00e58b25", size = 238051 },
    { url = "https://files.pythonhosted.org/packages/04/8b/30f930733afe425e3cbfc0e1468a30a18942350c1a8816acfade80c005c4/psutil-7.0.0-cp36-abi3-macosx_11_0_arm64.whl", hash = "sha256:39db632f6bb862eeccf56660871433e111b6ea58f2caea825571951d4b6aa3da", size = 239535 },
    { url = "https://files.pythonhosted.org/packages/2a/ed/d362e84620dd22876b55389248e522338ed1bf134a5edd3b8231d7207f6d/psutil-7.0.0-cp36-abi3-manylinux_2_12_i686.manylinux2010_i686.manylinux_2_17_i686.manylinux2014_i686.whl", hash = "sha256:1fcee592b4c6f146991ca55919ea3d1f8926497a713ed7faaf8225e174581e91", size = 275004 },
    { url = "https://files.pythonhosted.org/packages/bf/b9/b0eb3f3cbcb734d930fdf839431606844a825b23eaf9a6ab371edac8162c/psutil-7.0.0-cp36-abi3-manylinux_2_12_x86_64.manylinux2010_x86_64.manylinux_2_17_x86_64.manylinux2014_x86_64.whl", hash = "sha256:4b1388a4f6875d7e2aff5c4ca1cc16c545ed41dd8bb596cefea80111db353a34", size = 277986 },
    { url = "https://files.pythonhosted.org/packages/eb/a2/709e0fe2f093556c17fbafda93ac032257242cabcc7ff3369e2cb76a97aa/psutil-7.0.0-cp36-abi3-manylinux_2_17_aarch64.manylinux2014_aarch64.whl", hash = "sha256:a5f098451abc2828f7dc6b58d44b532b22f2088f4999a937557b603ce72b1993", size = 279544 },
    { url = "https://files.pythonhosted.org/packages/50/e6/eecf58810b9d12e6427369784efe814a1eec0f492084ce8eb8f4d89d6d61/psutil-7.0.0-cp37-abi3-win32.whl", hash = "sha256:ba3fcef7523064a6c9da440fc4d6bd07da93ac726b5733c29027d7dc95b39d99", size = 241053 },
    { url = "https://files.pythonhosted.org/packages/50/1b/6921afe68c74868b4c9fa424dad3be35b095e16687989ebbb50ce4fceb7c/psutil-7.0.0-cp37-abi3-win_amd64.whl", hash = "sha256:4cf3d4eb1aa9b348dec30105c55cd9b7d4629285735a102beb4441e38db90553", size = 244885 },
]

[[package]]
name = "pyinstaller"
version = "5.6.2"
source = { registry = "https://pypi.org/simple" }
dependencies = [
    { name = "altgraph" },
    { name = "macholib", marker = "sys_platform == 'darwin'" },
    { name = "pefile", marker = "sys_platform == 'win32'" },
    { name = "pyinstaller-hooks-contrib" },
    { name = "pywin32-ctypes", marker = "sys_platform == 'win32'" },
    { name = "setuptools" },
]
sdist = { url = "https://files.pythonhosted.org/packages/36/95/32b67f2b6945c34400524284e582025269cf992c6994ff36ed8899e4cf58/pyinstaller-5.6.2.tar.gz", hash = "sha256:865025b6809d777bb0f66d8f8ab50cc97dc3dbe0ff09a1ef1f2fd646432714fc", size = 2360171 }
wheels = [
    { url = "https://files.pythonhosted.org/packages/a3/ee/b52a6f7d790e0d15929d0aa0b2981d1d6595331459ad7e0b18ed23e25701/pyinstaller-5.6.2-py3-none-macosx_10_13_universal2.whl", hash = "sha256:1b1e3b37a22fb36555d917f0c3dfb998159ff4af6d8fa7cc0074d630c6fe81ad", size = 868510 },
    { url = "https://files.pythonhosted.org/packages/ff/e0/90795b7c663aa3b4c6a398b56124dcbf37ba2655f10967a1e11e3c9bbfc6/pyinstaller-5.6.2-py3-none-manylinux2014_aarch64.whl", hash = "sha256:05df5d2b9ca645cc6ef61d8a85451d2aabe5501997f1f50cd94306fd6bc0485d", size = 597207 },
    { url = "https://files.pythonhosted.org/packages/62/1e/bf412719a17796f3d1d3908f021b8d74060df1a127ae36877c4e253320e5/pyinstaller-5.6.2-py3-none-manylinux2014_i686.whl", hash = "sha256:eb083c25f711769af0898852ea30dcb727ba43990bbdf9ffbaa9c77a7bd0d720", size = 598773 },
    { url = "https://files.pythonhosted.org/packages/3f/e0/fed5a9ec6dc675cb3db0d1a32d862ef935387e9aca90d3c25c6c55222b3d/pyinstaller-5.6.2-py3-none-manylinux2014_ppc64le.whl", hash = "sha256:0d167d57036219914188f1400427dd297b975707e78c32a5511191e607be920a", size = 602446 },
    { url = "https://files.pythonhosted.org/packages/cf/f4/8931138d0dccdd618404db543f752a592598870b09bfe29d56696d72e3a3/pyinstaller-5.6.2-py3-none-manylinux2014_s390x.whl", hash = "sha256:32727232f446aa96e394f01b0c35b3de0dc3513c6ba3e26d1ef64c57edb1e9e5", size = 595151 },
    { url = "https://files.pythonhosted.org/packages/db/27/72d7446a2fafc72cfd5da5e79a0f75f48d559c911ebcf011d2b680890ecc/pyinstaller-5.6.2-py3-none-manylinux2014_x86_64.whl", hash = "sha256:181856ade585b090379ae26b7017dc2c30620e36e3a804b381417a6dc3b2a82b", size = 594925 },
    { url = "https://files.pythonhosted.org/packages/d0/ee/83b39621d2590750a2b5f91b954760815c0d2fe8a23455570f44d1e73f73/pyinstaller-5.6.2-py3-none-musllinux_1_1_aarch64.whl", hash = "sha256:77888f52b61089caa0bee70809bbce9e9b1c613c88b6cb0742ff2a45f1511cbb", size = 598883 },
    { url = "https://files.pythonhosted.org/packages/0b/fc/b00209974b0353a17c0b1a3c69dc574a44e0c6b4481cd247da6628bfd6ad/pyinstaller-5.6.2-py3-none-musllinux_1_1_x86_64.whl", hash = "sha256:d888db9afedff290d362ee296d30eb339abeba707ca1565916ce1cd5947131c3", size = 595677 },
    { url = "https://files.pythonhosted.org/packages/68/1b/1bb18715188d1947a4cb2d1234ffdb585aa8b0bf7045de3db30147de1a79/pyinstaller-5.6.2-py3-none-win32.whl", hash = "sha256:e026adc92c60158741d0bfca27eefaa2414801f61328cb84d0c88241fe8c2087", size = 1150889 },
    { url = "https://files.pythonhosted.org/packages/e5/8a/5b093e5d8381fd4af783e81d5a32afb090bc6b46909f62e97331e2d79e5b/pyinstaller-5.6.2-py3-none-win_amd64.whl", hash = "sha256:04ecf805bde2ef25b8e3642410871e6747c22fa7254107f155b8cd179c2a13b6", size = 1209115 },
]

[[package]]
name = "pyinstaller-hooks-contrib"
version = "2025.2"
source = { registry = "https://pypi.org/simple" }
dependencies = [
    { name = "importlib-metadata", marker = "python_full_version < '3.10'" },
    { name = "packaging" },
    { name = "setuptools" },
]
sdist = { url = "https://files.pythonhosted.org/packages/99/14/6725808804b52cc2420a659c8935e511221837ad863e3bbc4269897d5b4d/pyinstaller_hooks_contrib-2025.2.tar.gz", hash = "sha256:ccdd41bc30290f725f3e48f4a39985d11855af81d614d167e3021e303acb9102", size = 150122 }
wheels = [
    { url = "https://files.pythonhosted.org/packages/5e/14/aaadab954b4d78b2de9368eabda3327f8cdd05bce12712263e1100266bca/pyinstaller_hooks_contrib-2025.2-py3-none-any.whl", hash = "sha256:0b2bc7697075de5eb071ff13ef4a156d3beae6c19c7cbdcd70f37978d2013e30", size = 351020 },
]

[[package]]
name = "pywin32"
version = "310"
source = { registry = "https://pypi.org/simple" }
wheels = [
    { url = "https://files.pythonhosted.org/packages/95/da/a5f38fffbba2fb99aa4aa905480ac4b8e83ca486659ac8c95bce47fb5276/pywin32-310-cp310-cp310-win32.whl", hash = "sha256:6dd97011efc8bf51d6793a82292419eba2c71cf8e7250cfac03bba284454abc1", size = 8848240 },
    { url = "https://files.pythonhosted.org/packages/aa/fe/d873a773324fa565619ba555a82c9dabd677301720f3660a731a5d07e49a/pywin32-310-cp310-cp310-win_amd64.whl", hash = "sha256:c3e78706e4229b915a0821941a84e7ef420bf2b77e08c9dae3c76fd03fd2ae3d", size = 9601854 },
    { url = "https://files.pythonhosted.org/packages/3c/84/1a8e3d7a15490d28a5d816efa229ecb4999cdc51a7c30dd8914f669093b8/pywin32-310-cp310-cp310-win_arm64.whl", hash = "sha256:33babed0cf0c92a6f94cc6cc13546ab24ee13e3e800e61ed87609ab91e4c8213", size = 8522963 },
    { url = "https://files.pythonhosted.org/packages/f7/b1/68aa2986129fb1011dabbe95f0136f44509afaf072b12b8f815905a39f33/pywin32-310-cp311-cp311-win32.whl", hash = "sha256:1e765f9564e83011a63321bb9d27ec456a0ed90d3732c4b2e312b855365ed8bd", size = 8784284 },
    { url = "https://files.pythonhosted.org/packages/b3/bd/d1592635992dd8db5bb8ace0551bc3a769de1ac8850200cfa517e72739fb/pywin32-310-cp311-cp311-win_amd64.whl", hash = "sha256:126298077a9d7c95c53823934f000599f66ec9296b09167810eb24875f32689c", size = 9520748 },
    { url = "https://files.pythonhosted.org/packages/90/b1/ac8b1ffce6603849eb45a91cf126c0fa5431f186c2e768bf56889c46f51c/pywin32-310-cp311-cp311-win_arm64.whl", hash = "sha256:19ec5fc9b1d51c4350be7bb00760ffce46e6c95eaf2f0b2f1150657b1a43c582", size = 8455941 },
    { url = "https://files.pythonhosted.org/packages/6b/ec/4fdbe47932f671d6e348474ea35ed94227fb5df56a7c30cbbb42cd396ed0/pywin32-310-cp312-cp312-win32.whl", hash = "sha256:8a75a5cc3893e83a108c05d82198880704c44bbaee4d06e442e471d3c9ea4f3d", size = 8796239 },
    { url = "https://files.pythonhosted.org/packages/e3/e5/b0627f8bb84e06991bea89ad8153a9e50ace40b2e1195d68e9dff6b03d0f/pywin32-310-cp312-cp312-win_amd64.whl", hash = "sha256:bf5c397c9a9a19a6f62f3fb821fbf36cac08f03770056711f765ec1503972060", size = 9503839 },
    { url = "https://files.pythonhosted.org/packages/1f/32/9ccf53748df72301a89713936645a664ec001abd35ecc8578beda593d37d/pywin32-310-cp312-cp312-win_arm64.whl", hash = "sha256:2349cc906eae872d0663d4d6290d13b90621eaf78964bb1578632ff20e152966", size = 8459470 },
    { url = "https://files.pythonhosted.org/packages/1c/09/9c1b978ffc4ae53999e89c19c77ba882d9fce476729f23ef55211ea1c034/pywin32-310-cp313-cp313-win32.whl", hash = "sha256:5d241a659c496ada3253cd01cfaa779b048e90ce4b2b38cd44168ad555ce74ab", size = 8794384 },
    { url = "https://files.pythonhosted.org/packages/45/3c/b4640f740ffebadd5d34df35fecba0e1cfef8fde9f3e594df91c28ad9b50/pywin32-310-cp313-cp313-win_amd64.whl", hash = "sha256:667827eb3a90208ddbdcc9e860c81bde63a135710e21e4cb3348968e4bd5249e", size = 9503039 },
    { url = "https://files.pythonhosted.org/packages/b4/f4/f785020090fb050e7fb6d34b780f2231f302609dc964672f72bfaeb59a28/pywin32-310-cp313-cp313-win_arm64.whl", hash = "sha256:e308f831de771482b7cf692a1f308f8fca701b2d8f9dde6cc440c7da17e47b33", size = 8458152 },
    { url = "https://files.pythonhosted.org/packages/a2/cd/d09d434630edb6a0c44ad5079611279a67530296cfe0451e003de7f449ff/pywin32-310-cp39-cp39-win32.whl", hash = "sha256:851c8d927af0d879221e616ae1f66145253537bbdd321a77e8ef701b443a9a1a", size = 8848099 },
    { url = "https://files.pythonhosted.org/packages/93/ff/2a8c10315ffbdee7b3883ac0d1667e267ca8b3f6f640d81d43b87a82c0c7/pywin32-310-cp39-cp39-win_amd64.whl", hash = "sha256:96867217335559ac619f00ad70e513c0fcf84b8a3af9fc2bba3b59b97da70475", size = 9602031 },
]

[[package]]
name = "pywin32-ctypes"
version = "0.2.3"
source = { registry = "https://pypi.org/simple" }
sdist = { url = "https://files.pythonhosted.org/packages/85/9f/01a1a99704853cb63f253eea009390c88e7131c67e66a0a02099a8c917cb/pywin32-ctypes-0.2.3.tar.gz", hash = "sha256:d162dc04946d704503b2edc4d55f3dba5c1d539ead017afa00142c38b9885755", size = 29471 }
wheels = [
    { url = "https://files.pythonhosted.org/packages/de/3d/8161f7711c017e01ac9f008dfddd9410dff3674334c233bde66e7ba65bbf/pywin32_ctypes-0.2.3-py3-none-any.whl", hash = "sha256:8a1513379d709975552d202d942d9837758905c8d01eb82b8bcc30918929e7b8", size = 30756 },
]

[[package]]
name = "setuptools"
version = "76.0.0"
source = { registry = "https://pypi.org/simple" }
sdist = { url = "https://files.pythonhosted.org/packages/32/d2/7b171caf085ba0d40d8391f54e1c75a1cda9255f542becf84575cfd8a732/setuptools-76.0.0.tar.gz", hash = "sha256:43b4ee60e10b0d0ee98ad11918e114c70701bc6051662a9a675a0496c1a158f4", size = 1349387 }
wheels = [
    { url = "https://files.pythonhosted.org/packages/37/66/d2d7e6ad554f3a7c7297c3f8ef6e22643ad3d35ef5c63bf488bc89f32f31/setuptools-76.0.0-py3-none-any.whl", hash = "sha256:199466a166ff664970d0ee145839f5582cb9bca7a0a3a2e795b6a9cb2308e9c6", size = 1236106 },
]

[[package]]
name = "wexpect-uv"
version = "0.0.1"
source = { editable = "." }
dependencies = [
    { name = "psutil" },
    { name = "pywin32" },
    { name = "setuptools" },
]

[package.dev-dependencies]
test = [
    { name = "pyinstaller" },
]

[package.metadata]
requires-dist = [
    { name = "psutil", specifier = ">=5.0.0" },
    { name = "pywin32", specifier = ">=220" },
    { name = "setuptools", specifier = ">=76.0.0" },
]

[package.metadata.requires-dev]
test = [{ name = "pyinstaller", specifier = ">=5.6.2" }]

[[package]]
name = "zipp"
version = "3.21.0"
source = { registry = "https://pypi.org/simple" }
sdist = { url = "https://files.pythonhosted.org/packages/3f/50/bad581df71744867e9468ebd0bcd6505de3b275e06f202c2cb016e3ff56f/zipp-3.21.0.tar.gz", hash = "sha256:2c9958f6430a2040341a52eb608ed6dd93ef4392e02ffe219417c1b28b5dd1f4", size = 24545 }
wheels = [
    { url = "https://files.pythonhosted.org/packages/b7/1a/7e4798e9339adc931158c9d69ecc34f5e6791489d469f5e50ec15e35f458/zipp-3.21.0-py3-none-any.whl", hash = "sha256:ac1bbe05fd2991f160ebce24ffbac5f6d11d83dc90891255885223d42b3cd931", size = 9630 },
]
